
Microsoft Visual Studio Solution File, Format Version 12.00
# Visual Studio Version 16
VisualStudioVersion = 16.6.30114.105
MinimumVisualStudioVersion = 10.0.40219.1
Project("{2150E333-8FDC-42A3-9474-1A3956D46DE8}") = "src", "src", "{E19F6F00-EE8E-45B7-ABF3-8BCBCD468C03}"
EndProject
Project("{FAE04EC0-301F-11D3-BF4B-00C04F79EFBC}") = "TheOldDude.DataAccess", "src\TheOldDude.DataAccess\TheOldDude.DataAccess.csproj", "{C9D86CD7-246D-493D-8B6F-2142CC6C9A6A}"
EndProject
Project("{FAE04EC0-301F-11D3-BF4B-00C04F79EFBC}") = "TheOldDude.DataAccess.Abstractions", "src\TheOldDude.DataAccess.Abstractions\TheOldDude.DataAccess.Abstractions.csproj", "{16BAFAFD-0772-485E-8227-8D05A830D178}"
EndProject
Project("{FAE04EC0-301F-11D3-BF4B-00C04F79EFBC}") = "TheOldDude.Services", "src\TheOldDude.Services\TheOldDude.Services.csproj", "{A142392D-48F7-465E-A698-6260556E9586}"
EndProject
Project("{FAE04EC0-301F-11D3-BF4B-00C04F79EFBC}") = "TheOldDude.Services.Abstractions", "src\TheOldDude.Services.Abstractions\TheOldDude.Services.Abstractions.csproj", "{66AAEF11-7B69-442C-9A6E-6ECBCF403D69}"
EndProject
Project("{FAE04EC0-301F-11D3-BF4B-00C04F79EFBC}") = "TheOldDude.Domain", "src\TheOldDude.Domain\TheOldDude.Domain.csproj", "{31E4FE47-1347-40C2-ABAB-9D52FBD3D097}"
EndProject
Project("{FAE04EC0-301F-11D3-BF4B-00C04F79EFBC}") = "TheOldDude.WebApi", "src\TheOldDude.WebApi\TheOldDude.WebApi.csproj", "{332DCA53-8E53-4F12-984C-9CDD42F22D7B}"
EndProject
Project("{FAE04EC0-301F-11D3-BF4B-00C04F79EFBC}") = "TheOldDude.WebApi.Ioc", "src\TheOldDude.WebApi.Ioc\TheOldDude.WebApi.Ioc.csproj", "{30BF3876-5B67-4D57-BB84-F13483F6C835}"
EndProject
Project("{2150E333-8FDC-42A3-9474-1A3956D46DE8}") = "test", "test", "{A2E7D95C-A7E9-45CD-A52A-CCC9A14E125B}"
EndProject
Project("{FAE04EC0-301F-11D3-BF4B-00C04F79EFBC}") = "TheOldDude.DataAccess.Tests", "test\TheOldDude.DataAccess.Tests\TheOldDude.DataAccess.Tests.csproj", "{2DC01E81-E6E4-4325-B000-4248B43E1876}"
EndProject
Project("{FAE04EC0-301F-11D3-BF4B-00C04F79EFBC}") = "TheOldDude.Services.Tests", "test\TheOldDude.Services.Tests\TheOldDude.Services.Tests.csproj", "{91FFB4E4-600B-4E88-99ED-196A60EF80C1}"
EndProject
Project("{FAE04EC0-301F-11D3-BF4B-00C04F79EFBC}") = "TheOldDude.WebApi.Tests", "test\TheOldDude.WebApi.Tests\TheOldDude.WebApi.Tests.csproj", "{48DA47BE-5E0F-4EF9-A09C-7E5CB74FAD48}"
EndProject
Project("{FAE04EC0-301F-11D3-BF4B-00C04F79EFBC}") = "TheOldDude.Domain.Tests", "test\TheOldDude.Domain.Tests\TheOldDude.Domain.Tests.csproj", "{5155EFC6-A142-4F31-A12F-5F834216106C}"
EndProject
Global
	GlobalSection(SolutionConfigurationPlatforms) = preSolution
		Debug|Any CPU = Debug|Any CPU
		Debug|x64 = Debug|x64
		Debug|x86 = Debug|x86
		Release|Any CPU = Release|Any CPU
		Release|x64 = Release|x64
		Release|x86 = Release|x86
	EndGlobalSection
	GlobalSection(SolutionProperties) = preSolution
		HideSolutionNode = FALSE
	EndGlobalSection
	GlobalSection(ProjectConfigurationPlatforms) = postSolution
		{C9D86CD7-246D-493D-8B6F-2142CC6C9A6A}.Debug|Any CPU.ActiveCfg = Debug|Any CPU
		{C9D86CD7-246D-493D-8B6F-2142CC6C9A6A}.Debug|Any CPU.Build.0 = Debug|Any CPU
		{C9D86CD7-246D-493D-8B6F-2142CC6C9A6A}.Debug|x64.ActiveCfg = Debug|Any CPU
		{C9D86CD7-246D-493D-8B6F-2142CC6C9A6A}.Debug|x64.Build.0 = Debug|Any CPU
		{C9D86CD7-246D-493D-8B6F-2142CC6C9A6A}.Debug|x86.ActiveCfg = Debug|Any CPU
		{C9D86CD7-246D-493D-8B6F-2142CC6C9A6A}.Debug|x86.Build.0 = Debug|Any CPU
		{C9D86CD7-246D-493D-8B6F-2142CC6C9A6A}.Release|Any CPU.ActiveCfg = Release|Any CPU
		{C9D86CD7-246D-493D-8B6F-2142CC6C9A6A}.Release|Any CPU.Build.0 = Release|Any CPU
		{C9D86CD7-246D-493D-8B6F-2142CC6C9A6A}.Release|x64.ActiveCfg = Release|Any CPU
		{C9D86CD7-246D-493D-8B6F-2142CC6C9A6A}.Release|x64.Build.0 = Release|Any CPU
		{C9D86CD7-246D-493D-8B6F-2142CC6C9A6A}.Release|x86.ActiveCfg = Release|Any CPU
		{C9D86CD7-246D-493D-8B6F-2142CC6C9A6A}.Release|x86.Build.0 = Release|Any CPU
		{16BAFAFD-0772-485E-8227-8D05A830D178}.Debug|Any CPU.ActiveCfg = Debug|Any CPU
		{16BAFAFD-0772-485E-8227-8D05A830D178}.Debug|Any CPU.Build.0 = Debug|Any CPU
		{16BAFAFD-0772-485E-8227-8D05A830D178}.Debug|x64.ActiveCfg = Debug|Any CPU
		{16BAFAFD-0772-485E-8227-8D05A830D178}.Debug|x64.Build.0 = Debug|Any CPU
		{16BAFAFD-0772-485E-8227-8D05A830D178}.Debug|x86.ActiveCfg = Debug|Any CPU
		{16BAFAFD-0772-485E-8227-8D05A830D178}.Debug|x86.Build.0 = Debug|Any CPU
		{16BAFAFD-0772-485E-8227-8D05A830D178}.Release|Any CPU.ActiveCfg = Release|Any CPU
		{16BAFAFD-0772-485E-8227-8D05A830D178}.Release|Any CPU.Build.0 = Release|Any CPU
		{16BAFAFD-0772-485E-8227-8D05A830D178}.Release|x64.ActiveCfg = Release|Any CPU
		{16BAFAFD-0772-485E-8227-8D05A830D178}.Release|x64.Build.0 = Release|Any CPU
		{16BAFAFD-0772-485E-8227-8D05A830D178}.Release|x86.ActiveCfg = Release|Any CPU
		{16BAFAFD-0772-485E-8227-8D05A830D178}.Release|x86.Build.0 = Release|Any CPU
		{A142392D-48F7-465E-A698-6260556E9586}.Debug|Any CPU.ActiveCfg = Debug|Any CPU
		{A142392D-48F7-465E-A698-6260556E9586}.Debug|Any CPU.Build.0 = Debug|Any CPU
		{A142392D-48F7-465E-A698-6260556E9586}.Debug|x64.ActiveCfg = Debug|Any CPU
		{A142392D-48F7-465E-A698-6260556E9586}.Debug|x64.Build.0 = Debug|Any CPU
		{A142392D-48F7-465E-A698-6260556E9586}.Debug|x86.ActiveCfg = Debug|Any CPU
		{A142392D-48F7-465E-A698-6260556E9586}.Debug|x86.Build.0 = Debug|Any CPU
		{A142392D-48F7-465E-A698-6260556E9586}.Release|Any CPU.ActiveCfg = Release|Any CPU
		{A142392D-48F7-465E-A698-6260556E9586}.Release|Any CPU.Build.0 = Release|Any CPU
		{A142392D-48F7-465E-A698-6260556E9586}.Release|x64.ActiveCfg = Release|Any CPU
		{A142392D-48F7-465E-A698-6260556E9586}.Release|x64.Build.0 = Release|Any CPU
		{A142392D-48F7-465E-A698-6260556E9586}.Release|x86.ActiveCfg = Release|Any CPU
		{A142392D-48F7-465E-A698-6260556E9586}.Release|x86.Build.0 = Release|Any CPU
		{66AAEF11-7B69-442C-9A6E-6ECBCF403D69}.Debug|Any CPU.ActiveCfg = Debug|Any CPU
		{66AAEF11-7B69-442C-9A6E-6ECBCF403D69}.Debug|Any CPU.Build.0 = Debug|Any CPU
		{66AAEF11-7B69-442C-9A6E-6ECBCF403D69}.Debug|x64.ActiveCfg = Debug|Any CPU
		{66AAEF11-7B69-442C-9A6E-6ECBCF403D69}.Debug|x64.Build.0 = Debug|Any CPU
		{66AAEF11-7B69-442C-9A6E-6ECBCF403D69}.Debug|x86.ActiveCfg = Debug|Any CPU
		{66AAEF11-7B69-442C-9A6E-6ECBCF403D69}.Debug|x86.Build.0 = Debug|Any CPU
		{66AAEF11-7B69-442C-9A6E-6ECBCF403D69}.Release|Any CPU.ActiveCfg = Release|Any CPU
		{66AAEF11-7B69-442C-9A6E-6ECBCF403D69}.Release|Any CPU.Build.0 = Release|Any CPU
		{66AAEF11-7B69-442C-9A6E-6ECBCF403D69}.Release|x64.ActiveCfg = Release|Any CPU
		{66AAEF11-7B69-442C-9A6E-6ECBCF403D69}.Release|x64.Build.0 = Release|Any CPU
		{66AAEF11-7B69-442C-9A6E-6ECBCF403D69}.Release|x86.ActiveCfg = Release|Any CPU
		{66AAEF11-7B69-442C-9A6E-6ECBCF403D69}.Release|x86.Build.0 = Release|Any CPU
		{31E4FE47-1347-40C2-ABAB-9D52FBD3D097}.Debug|Any CPU.ActiveCfg = Debug|Any CPU
		{31E4FE47-1347-40C2-ABAB-9D52FBD3D097}.Debug|Any CPU.Build.0 = Debug|Any CPU
		{31E4FE47-1347-40C2-ABAB-9D52FBD3D097}.Debug|x64.ActiveCfg = Debug|Any CPU
		{31E4FE47-1347-40C2-ABAB-9D52FBD3D097}.Debug|x64.Build.0 = Debug|Any CPU
		{31E4FE47-1347-40C2-ABAB-9D52FBD3D097}.Debug|x86.ActiveCfg = Debug|Any CPU
		{31E4FE47-1347-40C2-ABAB-9D52FBD3D097}.Debug|x86.Build.0 = Debug|Any CPU
		{31E4FE47-1347-40C2-ABAB-9D52FBD3D097}.Release|Any CPU.ActiveCfg = Release|Any CPU
		{31E4FE47-1347-40C2-ABAB-9D52FBD3D097}.Release|Any CPU.Build.0 = Release|Any CPU
		{31E4FE47-1347-40C2-ABAB-9D52FBD3D097}.Release|x64.ActiveCfg = Release|Any CPU
		{31E4FE47-1347-40C2-ABAB-9D52FBD3D097}.Release|x64.Build.0 = Release|Any CPU
		{31E4FE47-1347-40C2-ABAB-9D52FBD3D097}.Release|x86.ActiveCfg = Release|Any CPU
		{31E4FE47-1347-40C2-ABAB-9D52FBD3D097}.Release|x86.Build.0 = Release|Any CPU
		{332DCA53-8E53-4F12-984C-9CDD42F22D7B}.Debug|Any CPU.ActiveCfg = Debug|Any CPU
		{332DCA53-8E53-4F12-984C-9CDD42F22D7B}.Debug|Any CPU.Build.0 = Debug|Any CPU
		{332DCA53-8E53-4F12-984C-9CDD42F22D7B}.Debug|x64.ActiveCfg = Debug|Any CPU
		{332DCA53-8E53-4F12-984C-9CDD42F22D7B}.Debug|x64.Build.0 = Debug|Any CPU
		{332DCA53-8E53-4F12-984C-9CDD42F22D7B}.Debug|x86.ActiveCfg = Debug|Any CPU
		{332DCA53-8E53-4F12-984C-9CDD42F22D7B}.Debug|x86.Build.0 = Debug|Any CPU
		{332DCA53-8E53-4F12-984C-9CDD42F22D7B}.Release|Any CPU.ActiveCfg = Release|Any CPU
		{332DCA53-8E53-4F12-984C-9CDD42F22D7B}.Release|Any CPU.Build.0 = Release|Any CPU
		{332DCA53-8E53-4F12-984C-9CDD42F22D7B}.Release|x64.ActiveCfg = Release|Any CPU
		{332DCA53-8E53-4F12-984C-9CDD42F22D7B}.Release|x64.Build.0 = Release|Any CPU
		{332DCA53-8E53-4F12-984C-9CDD42F22D7B}.Release|x86.ActiveCfg = Release|Any CPU
		{332DCA53-8E53-4F12-984C-9CDD42F22D7B}.Release|x86.Build.0 = Release|Any CPU
		{30BF3876-5B67-4D57-BB84-F13483F6C835}.Debug|Any CPU.ActiveCfg = Debug|Any CPU
		{30BF3876-5B67-4D57-BB84-F13483F6C835}.Debug|Any CPU.Build.0 = Debug|Any CPU
		{30BF3876-5B67-4D57-BB84-F13483F6C835}.Debug|x64.ActiveCfg = Debug|Any CPU
		{30BF3876-5B67-4D57-BB84-F13483F6C835}.Debug|x64.Build.0 = Debug|Any CPU
		{30BF3876-5B67-4D57-BB84-F13483F6C835}.Debug|x86.ActiveCfg = Debug|Any CPU
		{30BF3876-5B67-4D57-BB84-F13483F6C835}.Debug|x86.Build.0 = Debug|Any CPU
		{30BF3876-5B67-4D57-BB84-F13483F6C835}.Release|Any CPU.ActiveCfg = Release|Any CPU
		{30BF3876-5B67-4D57-BB84-F13483F6C835}.Release|Any CPU.Build.0 = Release|Any CPU
		{30BF3876-5B67-4D57-BB84-F13483F6C835}.Release|x64.ActiveCfg = Release|Any CPU
		{30BF3876-5B67-4D57-BB84-F13483F6C835}.Release|x64.Build.0 = Release|Any CPU
		{30BF3876-5B67-4D57-BB84-F13483F6C835}.Release|x86.ActiveCfg = Release|Any CPU
		{30BF3876-5B67-4D57-BB84-F13483F6C835}.Release|x86.Build.0 = Release|Any CPU
		{2DC01E81-E6E4-4325-B000-4248B43E1876}.Debug|Any CPU.ActiveCfg = Debug|Any CPU
		{2DC01E81-E6E4-4325-B000-4248B43E1876}.Debug|Any CPU.Build.0 = Debug|Any CPU
		{2DC01E81-E6E4-4325-B000-4248B43E1876}.Debug|x64.ActiveCfg = Debug|Any CPU
		{2DC01E81-E6E4-4325-B000-4248B43E1876}.Debug|x64.Build.0 = Debug|Any CPU
		{2DC01E81-E6E4-4325-B000-4248B43E1876}.Debug|x86.ActiveCfg = Debug|Any CPU
		{2DC01E81-E6E4-4325-B000-4248B43E1876}.Debug|x86.Build.0 = Debug|Any CPU
		{2DC01E81-E6E4-4325-B000-4248B43E1876}.Release|Any CPU.ActiveCfg = Release|Any CPU
		{2DC01E81-E6E4-4325-B000-4248B43E1876}.Release|Any CPU.Build.0 = Release|Any CPU
		{2DC01E81-E6E4-4325-B000-4248B43E1876}.Release|x64.ActiveCfg = Release|Any CPU
		{2DC01E81-E6E4-4325-B000-4248B43E1876}.Release|x64.Build.0 = Release|Any CPU
		{2DC01E81-E6E4-4325-B000-4248B43E1876}.Release|x86.ActiveCfg = Release|Any CPU
		{2DC01E81-E6E4-4325-B000-4248B43E1876}.Release|x86.Build.0 = Release|Any CPU
		{91FFB4E4-600B-4E88-99ED-196A60EF80C1}.Debug|Any CPU.ActiveCfg = Debug|Any CPU
		{91FFB4E4-600B-4E88-99ED-196A60EF80C1}.Debug|Any CPU.Build.0 = Debug|Any CPU
		{91FFB4E4-600B-4E88-99ED-196A60EF80C1}.Debug|x64.ActiveCfg = Debug|Any CPU
		{91FFB4E4-600B-4E88-99ED-196A60EF80C1}.Debug|x64.Build.0 = Debug|Any CPU
		{91FFB4E4-600B-4E88-99ED-196A60EF80C1}.Debug|x86.ActiveCfg = Debug|Any CPU
		{91FFB4E4-600B-4E88-99ED-196A60EF80C1}.Debug|x86.Build.0 = Debug|Any CPU
		{91FFB4E4-600B-4E88-99ED-196A60EF80C1}.Release|Any CPU.ActiveCfg = Release|Any CPU
		{91FFB4E4-600B-4E88-99ED-196A60EF80C1}.Release|Any CPU.Build.0 = Release|Any CPU
		{91FFB4E4-600B-4E88-99ED-196A60EF80C1}.Release|x64.ActiveCfg = Release|Any CPU
		{91FFB4E4-600B-4E88-99ED-196A60EF80C1}.Release|x64.Build.0 = Release|Any CPU
		{91FFB4E4-600B-4E88-99ED-196A60EF80C1}.Release|x86.ActiveCfg = Release|Any CPU
		{91FFB4E4-600B-4E88-99ED-196A60EF80C1}.Release|x86.Build.0 = Release|Any CPU
		{48DA47BE-5E0F-4EF9-A09C-7E5CB74FAD48}.Debug|Any CPU.ActiveCfg = Debug|Any CPU
		{48DA47BE-5E0F-4EF9-A09C-7E5CB74FAD48}.Debug|Any CPU.Build.0 = Debug|Any CPU
		{48DA47BE-5E0F-4EF9-A09C-7E5CB74FAD48}.Debug|x64.ActiveCfg = Debug|Any CPU
		{48DA47BE-5E0F-4EF9-A09C-7E5CB74FAD48}.Debug|x64.Build.0 = Debug|Any CPU
		{48DA47BE-5E0F-4EF9-A09C-7E5CB74FAD48}.Debug|x86.ActiveCfg = Debug|Any CPU
		{48DA47BE-5E0F-4EF9-A09C-7E5CB74FAD48}.Debug|x86.Build.0 = Debug|Any CPU
		{48DA47BE-5E0F-4EF9-A09C-7E5CB74FAD48}.Release|Any CPU.ActiveCfg = Release|Any CPU
		{48DA47BE-5E0F-4EF9-A09C-7E5CB74FAD48}.Release|Any CPU.Build.0 = Release|Any CPU
		{48DA47BE-5E0F-4EF9-A09C-7E5CB74FAD48}.Release|x64.ActiveCfg = Release|Any CPU
		{48DA47BE-5E0F-4EF9-A09C-7E5CB74FAD48}.Release|x64.Build.0 = Release|Any CPU
		{48DA47BE-5E0F-4EF9-A09C-7E5CB74FAD48}.Release|x86.ActiveCfg = Release|Any CPU
		{48DA47BE-5E0F-4EF9-A09C-7E5CB74FAD48}.Release|x86.Build.0 = Release|Any CPU
		{5155EFC6-A142-4F31-A12F-5F834216106C}.Debug|Any CPU.ActiveCfg = Debug|Any CPU
		{5155EFC6-A142-4F31-A12F-5F834216106C}.Debug|Any CPU.Build.0 = Debug|Any CPU
		{5155EFC6-A142-4F31-A12F-5F834216106C}.Debug|x64.ActiveCfg = Debug|Any CPU
		{5155EFC6-A142-4F31-A12F-5F834216106C}.Debug|x64.Build.0 = Debug|Any CPU
		{5155EFC6-A142-4F31-A12F-5F834216106C}.Debug|x86.ActiveCfg = Debug|Any CPU
		{5155EFC6-A142-4F31-A12F-5F834216106C}.Debug|x86.Build.0 = Debug|Any CPU
		{5155EFC6-A142-4F31-A12F-5F834216106C}.Release|Any CPU.ActiveCfg = Release|Any CPU
		{5155EFC6-A142-4F31-A12F-5F834216106C}.Release|Any CPU.Build.0 = Release|Any CPU
		{5155EFC6-A142-4F31-A12F-5F834216106C}.Release|x64.ActiveCfg = Release|Any CPU
		{5155EFC6-A142-4F31-A12F-5F834216106C}.Release|x64.Build.0 = Release|Any CPU
		{5155EFC6-A142-4F31-A12F-5F834216106C}.Release|x86.ActiveCfg = Release|Any CPU
		{5155EFC6-A142-4F31-A12F-5F834216106C}.Release|x86.Build.0 = Release|Any CPU
	EndGlobalSection
	GlobalSection(NestedProjects) = preSolution
		{C9D86CD7-246D-493D-8B6F-2142CC6C9A6A} = {E19F6F00-EE8E-45B7-ABF3-8BCBCD468C03}
		{16BAFAFD-0772-485E-8227-8D05A830D178} = {E19F6F00-EE8E-45B7-ABF3-8BCBCD468C03}
		{A142392D-48F7-465E-A698-6260556E9586} = {E19F6F00-EE8E-45B7-ABF3-8BCBCD468C03}
		{66AAEF11-7B69-442C-9A6E-6ECBCF403D69} = {E19F6F00-EE8E-45B7-ABF3-8BCBCD468C03}
		{31E4FE47-1347-40C2-ABAB-9D52FBD3D097} = {E19F6F00-EE8E-45B7-ABF3-8BCBCD468C03}
		{332DCA53-8E53-4F12-984C-9CDD42F22D7B} = {E19F6F00-EE8E-45B7-ABF3-8BCBCD468C03}
		{30BF3876-5B67-4D57-BB84-F13483F6C835} = {E19F6F00-EE8E-45B7-ABF3-8BCBCD468C03}
		{2DC01E81-E6E4-4325-B000-4248B43E1876} = {A2E7D95C-A7E9-45CD-A52A-CCC9A14E125B}
		{91FFB4E4-600B-4E88-99ED-196A60EF80C1} = {A2E7D95C-A7E9-45CD-A52A-CCC9A14E125B}
		{48DA47BE-5E0F-4EF9-A09C-7E5CB74FAD48} = {A2E7D95C-A7E9-45CD-A52A-CCC9A14E125B}
		{5155EFC6-A142-4F31-A12F-5F834216106C} = {A2E7D95C-A7E9-45CD-A52A-CCC9A14E125B}
	EndGlobalSection
EndGlobal
